// !$*UTF8*$!
{
	archiveVersion = 1;
	classes = {
	};
	objectVersion = 54;
	objects = {

/* Begin PBXBuildFile section */
		00E356F31AD99517003FC87E /* GoSocialMobileTests.m in Sources */ = {isa = PBXBuildFile; fileRef = 00E356F21AD99517003FC87E /* GoSocialMobileTests.m */; };
		0C80B921A6F3F58F76C31292 /* libPods-GoSocialMobile.a in Frameworks */ = {isa = PBXBuildFile; fileRef = 5DCACB8F33CDC322A6C60F78 /* libPods-GoSocialMobile.a */; };
		13B07FBC1A68108700A75B9A /* AppDelegate.mm in Sources */ = {isa = PBXBuildFile; fileRef = 13B07FB01A68108700A75B9A /* AppDelegate.mm */; };
		13B07FBF1A68108700A75B9A /* Images.xcassets in Resources */ = {isa = PBXBuildFile; fileRef = 13B07FB51A68108700A75B9A /* Images.xcassets */; };
		13B07FC11A68108700A75B9A /* main.m in Sources */ = {isa = PBXBuildFile; fileRef = 13B07FB71A68108700A75B9A /* main.m */; };
		7699B88040F8A987B510C191 /* libPods-GoSocialMobile-GoSocialMobileTests.a in Frameworks */ = {isa = PBXBuildFile; fileRef = 19F6CBCC0A4E27FBF8BF4A61 /* libPods-GoSocialMobile-GoSocialMobileTests.a */; };
		81AB9BB82411601600AC10FF /* LaunchScreen.storyboard in Resources */ = {isa = PBXBuildFile; fileRef = 81AB9BB72411601600AC10FF /* LaunchScreen.storyboard */; };
		809EC5BF95C34A91A0A57D13 /* OpenSans-Bold.ttf in Resources */ = {isa = PBXBuildFile; fileRef = 13FD898E5E574BC69EFC5F55 /* OpenSans-Bold.ttf */; };
		D27EC7C1912A49DD86A67DDA /* OpenSans-BoldItalic.ttf in Resources */ = {isa = PBXBuildFile; fileRef = B5B6D927416847D095E79FF3 /* OpenSans-BoldItalic.ttf */; };
		799BCF7E21F3422086B5FACA /* OpenSans-ExtraBold.ttf in Resources */ = {isa = PBXBuildFile; fileRef = 745D8FBD9C3D4DEEAC6C1352 /* OpenSans-ExtraBold.ttf */; };
		8B050199F43F491EB56759B9 /* OpenSans-ExtraBoldItalic.ttf in Resources */ = {isa = PBXBuildFile; fileRef = C65C47372796458B9616E626 /* OpenSans-ExtraBoldItalic.ttf */; };
		FE2BB8467BA64C3CAA12F808 /* OpenSans-Italic.ttf in Resources */ = {isa = PBXBuildFile; fileRef = E7C44E3BC20D435B8B721F3D /* OpenSans-Italic.ttf */; };
		7D82433558A24E1385CC0D00 /* OpenSans-Light.ttf in Resources */ = {isa = PBXBuildFile; fileRef = 4403BA3F24A348DCA55885FB /* OpenSans-Light.ttf */; };
		2E65276A5F214527ABA0FD25 /* OpenSans-LightItalic.ttf in Resources */ = {isa = PBXBuildFile; fileRef = F0FE7177CD874A748CB42BBB /* OpenSans-LightItalic.ttf */; };
		F337A72EB1DC4098A0D0D17C /* OpenSans-Medium.ttf in Resources */ = {isa = PBXBuildFile; fileRef = 95EFAD72019F4312B79E99BA /* OpenSans-Medium.ttf */; };
		B460D43C1E6242C588944751 /* OpenSans-MediumItalic.ttf in Resources */ = {isa = PBXBuildFile; fileRef = 0CE3767E13CD4CBEA6DB1281 /* OpenSans-MediumItalic.ttf */; };
		B5BB11E8F7FF435B85277F7E /* OpenSans-Regular.ttf in Resources */ = {isa = PBXBuildFile; fileRef = FC8845BF6CD846D991ACA2E7 /* OpenSans-Regular.ttf */; };
		A764C77B8A0145239378AC43 /* OpenSans-SemiBold.ttf in Resources */ = {isa = PBXBuildFile; fileRef = 50E7E9EB5ADD45FA8A4C0997 /* OpenSans-SemiBold.ttf */; };
		FF89512A10294CC885B28540 /* OpenSans-SemiBoldItalic.ttf in Resources */ = {isa = PBXBuildFile; fileRef = ECD6AB67FD684056AD598ABB /* OpenSans-SemiBoldItalic.ttf */; };
		F2A162F42882472A98F1BCDC /* OpenSans_Condensed-Bold.ttf in Resources */ = {isa = PBXBuildFile; fileRef = 76BE39F451AC431F8AAC6AF0 /* OpenSans_Condensed-Bold.ttf */; };
		3428673382A8412CAE5479D6 /* OpenSans_Condensed-BoldItalic.ttf in Resources */ = {isa = PBXBuildFile; fileRef = 3EE45C1926384E069BB11D2B /* OpenSans_Condensed-BoldItalic.ttf */; };
		46063BB2F0FD4C3B8E5B1F2F /* OpenSans_Condensed-ExtraBold.ttf in Resources */ = {isa = PBXBuildFile; fileRef = 28F6AC9F01C341B1BEB59471 /* OpenSans_Condensed-ExtraBold.ttf */; };
		D3BC50378756497EA4128CC2 /* OpenSans_Condensed-ExtraBoldItalic.ttf in Resources */ = {isa = PBXBuildFile; fileRef = 99EE8BD6E0B0417B8FB8604E /* OpenSans_Condensed-ExtraBoldItalic.ttf */; };
		31FCE4312B5D46318E2FF8F5 /* OpenSans_Condensed-Italic.ttf in Resources */ = {isa = PBXBuildFile; fileRef = 4B408E47C913489BA8DE3620 /* OpenSans_Condensed-Italic.ttf */; };
		0F821F98DA544DC8BC8DA38D /* OpenSans_Condensed-Light.ttf in Resources */ = {isa = PBXBuildFile; fileRef = 436F2DBC056B49DFBE366ECA /* OpenSans_Condensed-Light.ttf */; };
		B3CF72075F534094AA40FD68 /* OpenSans_Condensed-LightItalic.ttf in Resources */ = {isa = PBXBuildFile; fileRef = 9C2397A47813462AAA7A213E /* OpenSans_Condensed-LightItalic.ttf */; };
		D37DEB214B574C3B8F19BEE8 /* OpenSans_Condensed-Medium.ttf in Resources */ = {isa = PBXBuildFile; fileRef = FC18F1DB8E9B4BDFB93A3C7D /* OpenSans_Condensed-Medium.ttf */; };
		C7B9D0C48E4F450FB0D4F3FF /* OpenSans_Condensed-MediumItalic.ttf in Resources */ = {isa = PBXBuildFile; fileRef = 80C21BFEE93844C9B36D40B1 /* OpenSans_Condensed-MediumItalic.ttf */; };
		810F2E96DFC44A02BA4BB7B4 /* OpenSans_Condensed-Regular.ttf in Resources */ = {isa = PBXBuildFile; fileRef = 4B034E08DB00499F80D10AEA /* OpenSans_Condensed-Regular.ttf */; };
		6AAFCD1265AB4678AD3986D1 /* OpenSans_Condensed-SemiBold.ttf in Resources */ = {isa = PBXBuildFile; fileRef = 19445C5B94274027B154FF0A /* OpenSans_Condensed-SemiBold.ttf */; };
		E0C60819232541E5ADE54CDC /* OpenSans_Condensed-SemiBoldItalic.ttf in Resources */ = {isa = PBXBuildFile; fileRef = 22F198D0492D4FFCA1265157 /* OpenSans_Condensed-SemiBoldItalic.ttf */; };
		8D707A8894E14672A56606B5 /* OpenSans_SemiCondensed-Bold.ttf in Resources */ = {isa = PBXBuildFile; fileRef = 579A0658D5E24B419A4D45FB /* OpenSans_SemiCondensed-Bold.ttf */; };
		5C1A47791B1A46D8AD530172 /* OpenSans_SemiCondensed-BoldItalic.ttf in Resources */ = {isa = PBXBuildFile; fileRef = 19D210E30E204DAFA184DE92 /* OpenSans_SemiCondensed-BoldItalic.ttf */; };
		FA05D6CFAC3C4A08BD17B78B /* OpenSans_SemiCondensed-ExtraBold.ttf in Resources */ = {isa = PBXBuildFile; fileRef = 47EDF2E7B28C4D39A33456F3 /* OpenSans_SemiCondensed-ExtraBold.ttf */; };
		892CD57DFFA3426B8B301841 /* OpenSans_SemiCondensed-ExtraBoldItalic.ttf in Resources */ = {isa = PBXBuildFile; fileRef = 158D41699DB94DCDB9A93B14 /* OpenSans_SemiCondensed-ExtraBoldItalic.ttf */; };
		D12C5B0B80DA454494253979 /* OpenSans_SemiCondensed-Italic.ttf in Resources */ = {isa = PBXBuildFile; fileRef = EE65401034094D72A79AED11 /* OpenSans_SemiCondensed-Italic.ttf */; };
		A8E856A2D0DD4C61971A2C75 /* OpenSans_SemiCondensed-Light.ttf in Resources */ = {isa = PBXBuildFile; fileRef = CF944F68DF674AE49A6508B3 /* OpenSans_SemiCondensed-Light.ttf */; };
		5C2BD22127514588BDBF2699 /* OpenSans_SemiCondensed-LightItalic.ttf in Resources */ = {isa = PBXBuildFile; fileRef = 2FC04E4804324FD6A9D29ECB /* OpenSans_SemiCondensed-LightItalic.ttf */; };
		06B68C7F7FB34F12B793201F /* OpenSans_SemiCondensed-Medium.ttf in Resources */ = {isa = PBXBuildFile; fileRef = 3803A2370622428EB7218F2C /* OpenSans_SemiCondensed-Medium.ttf */; };
		F5ED3D8F7262458ABA61BD3D /* OpenSans_SemiCondensed-MediumItalic.ttf in Resources */ = {isa = PBXBuildFile; fileRef = F063CBCEDE994118AC03B21A /* OpenSans_SemiCondensed-MediumItalic.ttf */; };
		B454014802494DF7BF55125A /* OpenSans_SemiCondensed-Regular.ttf in Resources */ = {isa = PBXBuildFile; fileRef = 6502BF13415D4C4180FCD023 /* OpenSans_SemiCondensed-Regular.ttf */; };
		C522E9CC5D18413F9564F198 /* OpenSans_SemiCondensed-SemiBold.ttf in Resources */ = {isa = PBXBuildFile; fileRef = CF5C9E53A90749D1A3C0C27B /* OpenSans_SemiCondensed-SemiBold.ttf */; };
		18F223ADE9F34FC5B9FC5F05 /* OpenSans_SemiCondensed-SemiBoldItalic.ttf in Resources */ = {isa = PBXBuildFile; fileRef = 4E0E6A080B674B4FB18E0DAB /* OpenSans_SemiCondensed-SemiBoldItalic.ttf */; };
		CE8EDB4A27214A2680A6933F /* Quicksand-Bold.ttf in Resources */ = {isa = PBXBuildFile; fileRef = 52D93CCD9D72466EBF9AE6C9 /* Quicksand-Bold.ttf */; };
		913EB6579EED4A0E90A0A231 /* Quicksand-Light.ttf in Resources */ = {isa = PBXBuildFile; fileRef = A93B7D87B1654AA2821CF4AB /* Quicksand-Light.ttf */; };
		B0101F479C244ADCBA2E5BFF /* Quicksand-Medium.ttf in Resources */ = {isa = PBXBuildFile; fileRef = E51E384634B5467EA93EDAEA /* Quicksand-Medium.ttf */; };
		B493FFACE68248219FD585AA /* Quicksand-Regular.ttf in Resources */ = {isa = PBXBuildFile; fileRef = 24F65DC2BA9E42CD89AFB898 /* Quicksand-Regular.ttf */; };
		D101D0C804214FE5AC4CDC3A /* Quicksand-SemiBold.ttf in Resources */ = {isa = PBXBuildFile; fileRef = E507DFBAFC0446CABCDAA2F7 /* Quicksand-SemiBold.ttf */; };
		36DFAA1E53AB4F6C85A6491B /* Raleway-Black.ttf in Resources */ = {isa = PBXBuildFile; fileRef = B072BC22CE4C4081B6AA9715 /* Raleway-Black.ttf */; };
		0B5DB2011D9A49A2B4B08ED4 /* Raleway-BlackItalic.ttf in Resources */ = {isa = PBXBuildFile; fileRef = 7DEC16A076CC420FAF12A5C3 /* Raleway-BlackItalic.ttf */; };
		81036424ACB64671861244A9 /* Raleway-Bold.ttf in Resources */ = {isa = PBXBuildFile; fileRef = 7D3CCA6D9CDA47A69C4AA9C6 /* Raleway-Bold.ttf */; };
		1F9D75E7D7804EA6A1120D67 /* Raleway-BoldItalic.ttf in Resources */ = {isa = PBXBuildFile; fileRef = E208D7F55A974B90976673DB /* Raleway-BoldItalic.ttf */; };
		F7C8DF8FC11D485E8EFFE05B /* Raleway-ExtraBold.ttf in Resources */ = {isa = PBXBuildFile; fileRef = 3E906872521540B39AE2C371 /* Raleway-ExtraBold.ttf */; };
		53DC0C11C92841AB8CD5D4B8 /* Raleway-ExtraBoldItalic.ttf in Resources */ = {isa = PBXBuildFile; fileRef = 9485DF1AD87B462A87F2E780 /* Raleway-ExtraBoldItalic.ttf */; };
		D90F4C7D51F3419CB921256C /* Raleway-ExtraLight.ttf in Resources */ = {isa = PBXBuildFile; fileRef = 70EC546120434EA8A8203967 /* Raleway-ExtraLight.ttf */; };
		35C0157EA43A456997AEA842 /* Raleway-ExtraLightItalic.ttf in Resources */ = {isa = PBXBuildFile; fileRef = D946417CBA3D4064AE382FFB /* Raleway-ExtraLightItalic.ttf */; };
		0DFD272733BE443C81AA7D6A /* Raleway-Italic.ttf in Resources */ = {isa = PBXBuildFile; fileRef = D93D0C9FE4AC4C789A425482 /* Raleway-Italic.ttf */; };
		9587CC1AE09841D4BFC51D69 /* Raleway-Light.ttf in Resources */ = {isa = PBXBuildFile; fileRef = 46A9D501A8B747AAB7B85374 /* Raleway-Light.ttf */; };
		E243B2E2A08A4708BB1AFB24 /* Raleway-LightItalic.ttf in Resources */ = {isa = PBXBuildFile; fileRef = A08956D602B34D868BD6D3DF /* Raleway-LightItalic.ttf */; };
		1ECB03E907044406982ABC10 /* Raleway-Medium.ttf in Resources */ = {isa = PBXBuildFile; fileRef = 82F44FE0B6A446DBA8932096 /* Raleway-Medium.ttf */; };
		9C831F7576134EB2B003E616 /* Raleway-MediumItalic.ttf in Resources */ = {isa = PBXBuildFile; fileRef = D8A54BD006E5432DBBA16858 /* Raleway-MediumItalic.ttf */; };
		1403605D9A374B25BBC67624 /* Raleway-Regular.ttf in Resources */ = {isa = PBXBuildFile; fileRef = 5268F9F8FFDD4AA59F1E3A62 /* Raleway-Regular.ttf */; };
		46B1DBCB2143449A93BF1CF9 /* Raleway-SemiBold.ttf in Resources */ = {isa = PBXBuildFile; fileRef = 9E142A0903A9400B90012B8C /* Raleway-SemiBold.ttf */; };
		7A0FD9D3E50A4A908E7B233D /* Raleway-SemiBoldItalic.ttf in Resources */ = {isa = PBXBuildFile; fileRef = DAEF396B353E4E06B99B5B62 /* Raleway-SemiBoldItalic.ttf */; };
		EAA58950210C4A4585236F3B /* Raleway-Thin.ttf in Resources */ = {isa = PBXBuildFile; fileRef = DC03932266C548F7A1FF080A /* Raleway-Thin.ttf */; };
		D7C29680B857422E9F11FFA5 /* Raleway-ThinItalic.ttf in Resources */ = {isa = PBXBuildFile; fileRef = BCB805D7F76A4EF78C6F256C /* Raleway-ThinItalic.ttf */; };
		1AB44C43B43F4376B2BBF855 /* UbuntuSansMono-Bold.ttf in Resources */ = {isa = PBXBuildFile; fileRef = D299BFE50F864688BC1152A2 /* UbuntuSansMono-Bold.ttf */; };
		B96F936BACFF41C69B9DAD13 /* UbuntuSansMono-BoldItalic.ttf in Resources */ = {isa = PBXBuildFile; fileRef = 536D7A6857A04095BACE0C9D /* UbuntuSansMono-BoldItalic.ttf */; };
		0554ABE75C48441DBFCB9A83 /* UbuntuSansMono-Italic.ttf in Resources */ = {isa = PBXBuildFile; fileRef = 96019276D7E74819872FF976 /* UbuntuSansMono-Italic.ttf */; };
		08F3E44E89C94379B82F715F /* UbuntuSansMono-Medium.ttf in Resources */ = {isa = PBXBuildFile; fileRef = 31CF1F63EC6D4E188627F0FC /* UbuntuSansMono-Medium.ttf */; };
		D832151BD45D418B8506BAD8 /* UbuntuSansMono-MediumItalic.ttf in Resources */ = {isa = PBXBuildFile; fileRef = 5D24EA4A017B412C8CB51EE9 /* UbuntuSansMono-MediumItalic.ttf */; };
		D07325D7BB594CCEA8CA175D /* UbuntuSansMono-Regular.ttf in Resources */ = {isa = PBXBuildFile; fileRef = 9313C4D2CDE14EC8ABD742E6 /* UbuntuSansMono-Regular.ttf */; };
		0F27D05253CE4B68B7DBC4E2 /* UbuntuSansMono-SemiBold.ttf in Resources */ = {isa = PBXBuildFile; fileRef = C52CF24CD64A4DAA8A5C6228 /* UbuntuSansMono-SemiBold.ttf */; };
		807DF060FDE84345AFBAF404 /* UbuntuSansMono-SemiBoldItalic.ttf in Resources */ = {isa = PBXBuildFile; fileRef = 1378C6B680184FC2A0A6BE88 /* UbuntuSansMono-SemiBoldItalic.ttf */; };
/* End PBXBuildFile section */

/* Begin PBXContainerItemProxy section */
		00E356F41AD99517003FC87E /* PBXContainerItemProxy */ = {
			isa = PBXContainerItemProxy;
			containerPortal = 83CBB9F71A601CBA00E9B192 /* Project object */;
			proxyType = 1;
			remoteGlobalIDString = 13B07F861A680F5B00A75B9A;
			remoteInfo = GoSocialMobile;
		};
/* End PBXContainerItemProxy section */

/* Begin PBXFileReference section */
		00E356EE1AD99517003FC87E /* GoSocialMobileTests.xctest */ = {isa = PBXFileReference; explicitFileType = wrapper.cfbundle; includeInIndex = 0; path = GoSocialMobileTests.xctest; sourceTree = BUILT_PRODUCTS_DIR; };
		00E356F11AD99517003FC87E /* Info.plist */ = {isa = PBXFileReference; lastKnownFileType = text.plist.xml; path = Info.plist; sourceTree = "<group>"; };
		00E356F21AD99517003FC87E /* GoSocialMobileTests.m */ = {isa = PBXFileReference; lastKnownFileType = sourcecode.c.objc; path = GoSocialMobileTests.m; sourceTree = "<group>"; };
		13B07F961A680F5B00A75B9A /* GoSocialMobile.app */ = {isa = PBXFileReference; explicitFileType = wrapper.application; includeInIndex = 0; path = GoSocialMobile.app; sourceTree = BUILT_PRODUCTS_DIR; };
		13B07FAF1A68108700A75B9A /* AppDelegate.h */ = {isa = PBXFileReference; fileEncoding = 4; lastKnownFileType = sourcecode.c.h; name = AppDelegate.h; path = GoSocialMobile/AppDelegate.h; sourceTree = "<group>"; };
		13B07FB01A68108700A75B9A /* AppDelegate.mm */ = {isa = PBXFileReference; fileEncoding = 4; lastKnownFileType = sourcecode.cpp.objcpp; name = AppDelegate.mm; path = GoSocialMobile/AppDelegate.mm; sourceTree = "<group>"; };
		13B07FB51A68108700A75B9A /* Images.xcassets */ = {isa = PBXFileReference; lastKnownFileType = folder.assetcatalog; name = Images.xcassets; path = GoSocialMobile/Images.xcassets; sourceTree = "<group>"; };
		13B07FB61A68108700A75B9A /* Info.plist */ = {isa = PBXFileReference; fileEncoding = 4; lastKnownFileType = text.plist.xml; name = Info.plist; path = GoSocialMobile/Info.plist; sourceTree = "<group>"; };
		13B07FB71A68108700A75B9A /* main.m */ = {isa = PBXFileReference; fileEncoding = 4; lastKnownFileType = sourcecode.c.objc; name = main.m; path = GoSocialMobile/main.m; sourceTree = "<group>"; };
		13B07FB81A68108700A75B9A /* PrivacyInfo.xcprivacy */ = {isa = PBXFileReference; fileEncoding = 4; lastKnownFileType = text.plist.xml; name = PrivacyInfo.xcprivacy; path = GoSocialMobile/PrivacyInfo.xcprivacy; sourceTree = "<group>"; };
		19F6CBCC0A4E27FBF8BF4A61 /* libPods-GoSocialMobile-GoSocialMobileTests.a */ = {isa = PBXFileReference; explicitFileType = archive.ar; includeInIndex = 0; path = "libPods-GoSocialMobile-GoSocialMobileTests.a"; sourceTree = BUILT_PRODUCTS_DIR; };
		3B4392A12AC88292D35C810B /* Pods-GoSocialMobile.debug.xcconfig */ = {isa = PBXFileReference; includeInIndex = 1; lastKnownFileType = text.xcconfig; name = "Pods-GoSocialMobile.debug.xcconfig"; path = "Target Support Files/Pods-GoSocialMobile/Pods-GoSocialMobile.debug.xcconfig"; sourceTree = "<group>"; };
		5709B34CF0A7D63546082F79 /* Pods-GoSocialMobile.release.xcconfig */ = {isa = PBXFileReference; includeInIndex = 1; lastKnownFileType = text.xcconfig; name = "Pods-GoSocialMobile.release.xcconfig"; path = "Target Support Files/Pods-GoSocialMobile/Pods-GoSocialMobile.release.xcconfig"; sourceTree = "<group>"; };
		5B7EB9410499542E8C5724F5 /* Pods-GoSocialMobile-GoSocialMobileTests.debug.xcconfig */ = {isa = PBXFileReference; includeInIndex = 1; lastKnownFileType = text.xcconfig; name = "Pods-GoSocialMobile-GoSocialMobileTests.debug.xcconfig"; path = "Target Support Files/Pods-GoSocialMobile-GoSocialMobileTests/Pods-GoSocialMobile-GoSocialMobileTests.debug.xcconfig"; sourceTree = "<group>"; };
		5DCACB8F33CDC322A6C60F78 /* libPods-GoSocialMobile.a */ = {isa = PBXFileReference; explicitFileType = archive.ar; includeInIndex = 0; path = "libPods-GoSocialMobile.a"; sourceTree = BUILT_PRODUCTS_DIR; };
		81AB9BB72411601600AC10FF /* LaunchScreen.storyboard */ = {isa = PBXFileReference; fileEncoding = 4; lastKnownFileType = file.storyboard; name = LaunchScreen.storyboard; path = GoSocialMobile/LaunchScreen.storyboard; sourceTree = "<group>"; };
		89C6BE57DB24E9ADA2F236DE /* Pods-GoSocialMobile-GoSocialMobileTests.release.xcconfig */ = {isa = PBXFileReference; includeInIndex = 1; lastKnownFileType = text.xcconfig; name = "Pods-GoSocialMobile-GoSocialMobileTests.release.xcconfig"; path = "Target Support Files/Pods-GoSocialMobile-GoSocialMobileTests/Pods-GoSocialMobile-GoSocialMobileTests.release.xcconfig"; sourceTree = "<group>"; };
		ED297162215061F000B7C4FE /* JavaScriptCore.framework */ = {isa = PBXFileReference; lastKnownFileType = wrapper.framework; name = JavaScriptCore.framework; path = System/Library/Frameworks/JavaScriptCore.framework; sourceTree = SDKROOT; };
		13FD898E5E574BC69EFC5F55 /* OpenSans-Bold.ttf */ = {isa = PBXFileReference; name = "OpenSans-Bold.ttf"; path = "../assets/fonts/OpenSans-Bold.ttf"; sourceTree = "<group>"; fileEncoding = undefined; lastKnownFileType = unknown; explicitFileType = undefined; includeInIndex = 0; };
		B5B6D927416847D095E79FF3 /* OpenSans-BoldItalic.ttf */ = {isa = PBXFileReference; name = "OpenSans-BoldItalic.ttf"; path = "../assets/fonts/OpenSans-BoldItalic.ttf"; sourceTree = "<group>"; fileEncoding = undefined; lastKnownFileType = unknown; explicitFileType = undefined; includeInIndex = 0; };
		745D8FBD9C3D4DEEAC6C1352 /* OpenSans-ExtraBold.ttf */ = {isa = PBXFileReference; name = "OpenSans-ExtraBold.ttf"; path = "../assets/fonts/OpenSans-ExtraBold.ttf"; sourceTree = "<group>"; fileEncoding = undefined; lastKnownFileType = unknown; explicitFileType = undefined; includeInIndex = 0; };
		C65C47372796458B9616E626 /* OpenSans-ExtraBoldItalic.ttf */ = {isa = PBXFileReference; name = "OpenSans-ExtraBoldItalic.ttf"; path = "../assets/fonts/OpenSans-ExtraBoldItalic.ttf"; sourceTree = "<group>"; fileEncoding = undefined; lastKnownFileType = unknown; explicitFileType = undefined; includeInIndex = 0; };
		E7C44E3BC20D435B8B721F3D /* OpenSans-Italic.ttf */ = {isa = PBXFileReference; name = "OpenSans-Italic.ttf"; path = "../assets/fonts/OpenSans-Italic.ttf"; sourceTree = "<group>"; fileEncoding = undefined; lastKnownFileType = unknown; explicitFileType = undefined; includeInIndex = 0; };
		4403BA3F24A348DCA55885FB /* OpenSans-Light.ttf */ = {isa = PBXFileReference; name = "OpenSans-Light.ttf"; path = "../assets/fonts/OpenSans-Light.ttf"; sourceTree = "<group>"; fileEncoding = undefined; lastKnownFileType = unknown; explicitFileType = undefined; includeInIndex = 0; };
		F0FE7177CD874A748CB42BBB /* OpenSans-LightItalic.ttf */ = {isa = PBXFileReference; name = "OpenSans-LightItalic.ttf"; path = "../assets/fonts/OpenSans-LightItalic.ttf"; sourceTree = "<group>"; fileEncoding = undefined; lastKnownFileType = unknown; explicitFileType = undefined; includeInIndex = 0; };
		95EFAD72019F4312B79E99BA /* OpenSans-Medium.ttf */ = {isa = PBXFileReference; name = "OpenSans-Medium.ttf"; path = "../assets/fonts/OpenSans-Medium.ttf"; sourceTree = "<group>"; fileEncoding = undefined; lastKnownFileType = unknown; explicitFileType = undefined; includeInIndex = 0; };
		0CE3767E13CD4CBEA6DB1281 /* OpenSans-MediumItalic.ttf */ = {isa = PBXFileReference; name = "OpenSans-MediumItalic.ttf"; path = "../assets/fonts/OpenSans-MediumItalic.ttf"; sourceTree = "<group>"; fileEncoding = undefined; lastKnownFileType = unknown; explicitFileType = undefined; includeInIndex = 0; };
		FC8845BF6CD846D991ACA2E7 /* OpenSans-Regular.ttf */ = {isa = PBXFileReference; name = "OpenSans-Regular.ttf"; path = "../assets/fonts/OpenSans-Regular.ttf"; sourceTree = "<group>"; fileEncoding = undefined; lastKnownFileType = unknown; explicitFileType = undefined; includeInIndex = 0; };
		50E7E9EB5ADD45FA8A4C0997 /* OpenSans-SemiBold.ttf */ = {isa = PBXFileReference; name = "OpenSans-SemiBold.ttf"; path = "../assets/fonts/OpenSans-SemiBold.ttf"; sourceTree = "<group>"; fileEncoding = undefined; lastKnownFileType = unknown; explicitFileType = undefined; includeInIndex = 0; };
		ECD6AB67FD684056AD598ABB /* OpenSans-SemiBoldItalic.ttf */ = {isa = PBXFileReference; name = "OpenSans-SemiBoldItalic.ttf"; path = "../assets/fonts/OpenSans-SemiBoldItalic.ttf"; sourceTree = "<group>"; fileEncoding = undefined; lastKnownFileType = unknown; explicitFileType = undefined; includeInIndex = 0; };
		76BE39F451AC431F8AAC6AF0 /* OpenSans_Condensed-Bold.ttf */ = {isa = PBXFileReference; name = "OpenSans_Condensed-Bold.ttf"; path = "../assets/fonts/OpenSans_Condensed-Bold.ttf"; sourceTree = "<group>"; fileEncoding = undefined; lastKnownFileType = unknown; explicitFileType = undefined; includeInIndex = 0; };
		3EE45C1926384E069BB11D2B /* OpenSans_Condensed-BoldItalic.ttf */ = {isa = PBXFileReference; name = "OpenSans_Condensed-BoldItalic.ttf"; path = "../assets/fonts/OpenSans_Condensed-BoldItalic.ttf"; sourceTree = "<group>"; fileEncoding = undefined; lastKnownFileType = unknown; explicitFileType = undefined; includeInIndex = 0; };
		28F6AC9F01C341B1BEB59471 /* OpenSans_Condensed-ExtraBold.ttf */ = {isa = PBXFileReference; name = "OpenSans_Condensed-ExtraBold.ttf"; path = "../assets/fonts/OpenSans_Condensed-ExtraBold.ttf"; sourceTree = "<group>"; fileEncoding = undefined; lastKnownFileType = unknown; explicitFileType = undefined; includeInIndex = 0; };
		99EE8BD6E0B0417B8FB8604E /* OpenSans_Condensed-ExtraBoldItalic.ttf */ = {isa = PBXFileReference; name = "OpenSans_Condensed-ExtraBoldItalic.ttf"; path = "../assets/fonts/OpenSans_Condensed-ExtraBoldItalic.ttf"; sourceTree = "<group>"; fileEncoding = undefined; lastKnownFileType = unknown; explicitFileType = undefined; includeInIndex = 0; };
		4B408E47C913489BA8DE3620 /* OpenSans_Condensed-Italic.ttf */ = {isa = PBXFileReference; name = "OpenSans_Condensed-Italic.ttf"; path = "../assets/fonts/OpenSans_Condensed-Italic.ttf"; sourceTree = "<group>"; fileEncoding = undefined; lastKnownFileType = unknown; explicitFileType = undefined; includeInIndex = 0; };
		436F2DBC056B49DFBE366ECA /* OpenSans_Condensed-Light.ttf */ = {isa = PBXFileReference; name = "OpenSans_Condensed-Light.ttf"; path = "../assets/fonts/OpenSans_Condensed-Light.ttf"; sourceTree = "<group>"; fileEncoding = undefined; lastKnownFileType = unknown; explicitFileType = undefined; includeInIndex = 0; };
		9C2397A47813462AAA7A213E /* OpenSans_Condensed-LightItalic.ttf */ = {isa = PBXFileReference; name = "OpenSans_Condensed-LightItalic.ttf"; path = "../assets/fonts/OpenSans_Condensed-LightItalic.ttf"; sourceTree = "<group>"; fileEncoding = undefined; lastKnownFileType = unknown; explicitFileType = undefined; includeInIndex = 0; };
		FC18F1DB8E9B4BDFB93A3C7D /* OpenSans_Condensed-Medium.ttf */ = {isa = PBXFileReference; name = "OpenSans_Condensed-Medium.ttf"; path = "../assets/fonts/OpenSans_Condensed-Medium.ttf"; sourceTree = "<group>"; fileEncoding = undefined; lastKnownFileType = unknown; explicitFileType = undefined; includeInIndex = 0; };
		80C21BFEE93844C9B36D40B1 /* OpenSans_Condensed-MediumItalic.ttf */ = {isa = PBXFileReference; name = "OpenSans_Condensed-MediumItalic.ttf"; path = "../assets/fonts/OpenSans_Condensed-MediumItalic.ttf"; sourceTree = "<group>"; fileEncoding = undefined; lastKnownFileType = unknown; explicitFileType = undefined; includeInIndex = 0; };
		4B034E08DB00499F80D10AEA /* OpenSans_Condensed-Regular.ttf */ = {isa = PBXFileReference; name = "OpenSans_Condensed-Regular.ttf"; path = "../assets/fonts/OpenSans_Condensed-Regular.ttf"; sourceTree = "<group>"; fileEncoding = undefined; lastKnownFileType = unknown; explicitFileType = undefined; includeInIndex = 0; };
		19445C5B94274027B154FF0A /* OpenSans_Condensed-SemiBold.ttf */ = {isa = PBXFileReference; name = "OpenSans_Condensed-SemiBold.ttf"; path = "../assets/fonts/OpenSans_Condensed-SemiBold.ttf"; sourceTree = "<group>"; fileEncoding = undefined; lastKnownFileType = unknown; explicitFileType = undefined; includeInIndex = 0; };
		22F198D0492D4FFCA1265157 /* OpenSans_Condensed-SemiBoldItalic.ttf */ = {isa = PBXFileReference; name = "OpenSans_Condensed-SemiBoldItalic.ttf"; path = "../assets/fonts/OpenSans_Condensed-SemiBoldItalic.ttf"; sourceTree = "<group>"; fileEncoding = undefined; lastKnownFileType = unknown; explicitFileType = undefined; includeInIndex = 0; };
		579A0658D5E24B419A4D45FB /* OpenSans_SemiCondensed-Bold.ttf */ = {isa = PBXFileReference; name = "OpenSans_SemiCondensed-Bold.ttf"; path = "../assets/fonts/OpenSans_SemiCondensed-Bold.ttf"; sourceTree = "<group>"; fileEncoding = undefined; lastKnownFileType = unknown; explicitFileType = undefined; includeInIndex = 0; };
		19D210E30E204DAFA184DE92 /* OpenSans_SemiCondensed-BoldItalic.ttf */ = {isa = PBXFileReference; name = "OpenSans_SemiCondensed-BoldItalic.ttf"; path = "../assets/fonts/OpenSans_SemiCondensed-BoldItalic.ttf"; sourceTree = "<group>"; fileEncoding = undefined; lastKnownFileType = unknown; explicitFileType = undefined; includeInIndex = 0; };
		47EDF2E7B28C4D39A33456F3 /* OpenSans_SemiCondensed-ExtraBold.ttf */ = {isa = PBXFileReference; name = "OpenSans_SemiCondensed-ExtraBold.ttf"; path = "../assets/fonts/OpenSans_SemiCondensed-ExtraBold.ttf"; sourceTree = "<group>"; fileEncoding = undefined; lastKnownFileType = unknown; explicitFileType = undefined; includeInIndex = 0; };
		158D41699DB94DCDB9A93B14 /* OpenSans_SemiCondensed-ExtraBoldItalic.ttf */ = {isa = PBXFileReference; name = "OpenSans_SemiCondensed-ExtraBoldItalic.ttf"; path = "../assets/fonts/OpenSans_SemiCondensed-ExtraBoldItalic.ttf"; sourceTree = "<group>"; fileEncoding = undefined; lastKnownFileType = unknown; explicitFileType = undefined; includeInIndex = 0; };
		EE65401034094D72A79AED11 /* OpenSans_SemiCondensed-Italic.ttf */ = {isa = PBXFileReference; name = "OpenSans_SemiCondensed-Italic.ttf"; path = "../assets/fonts/OpenSans_SemiCondensed-Italic.ttf"; sourceTree = "<group>"; fileEncoding = undefined; lastKnownFileType = unknown; explicitFileType = undefined; includeInIndex = 0; };
		CF944F68DF674AE49A6508B3 /* OpenSans_SemiCondensed-Light.ttf */ = {isa = PBXFileReference; name = "OpenSans_SemiCondensed-Light.ttf"; path = "../assets/fonts/OpenSans_SemiCondensed-Light.ttf"; sourceTree = "<group>"; fileEncoding = undefined; lastKnownFileType = unknown; explicitFileType = undefined; includeInIndex = 0; };
		2FC04E4804324FD6A9D29ECB /* OpenSans_SemiCondensed-LightItalic.ttf */ = {isa = PBXFileReference; name = "OpenSans_SemiCondensed-LightItalic.ttf"; path = "../assets/fonts/OpenSans_SemiCondensed-LightItalic.ttf"; sourceTree = "<group>"; fileEncoding = undefined; lastKnownFileType = unknown; explicitFileType = undefined; includeInIndex = 0; };
		3803A2370622428EB7218F2C /* OpenSans_SemiCondensed-Medium.ttf */ = {isa = PBXFileReference; name = "OpenSans_SemiCondensed-Medium.ttf"; path = "../assets/fonts/OpenSans_SemiCondensed-Medium.ttf"; sourceTree = "<group>"; fileEncoding = undefined; lastKnownFileType = unknown; explicitFileType = undefined; includeInIndex = 0; };
		F063CBCEDE994118AC03B21A /* OpenSans_SemiCondensed-MediumItalic.ttf */ = {isa = PBXFileReference; name = "OpenSans_SemiCondensed-MediumItalic.ttf"; path = "../assets/fonts/OpenSans_SemiCondensed-MediumItalic.ttf"; sourceTree = "<group>"; fileEncoding = undefined; lastKnownFileType = unknown; explicitFileType = undefined; includeInIndex = 0; };
		6502BF13415D4C4180FCD023 /* OpenSans_SemiCondensed-Regular.ttf */ = {isa = PBXFileReference; name = "OpenSans_SemiCondensed-Regular.ttf"; path = "../assets/fonts/OpenSans_SemiCondensed-Regular.ttf"; sourceTree = "<group>"; fileEncoding = undefined; lastKnownFileType = unknown; explicitFileType = undefined; includeInIndex = 0; };
		CF5C9E53A90749D1A3C0C27B /* OpenSans_SemiCondensed-SemiBold.ttf */ = {isa = PBXFileReference; name = "OpenSans_SemiCondensed-SemiBold.ttf"; path = "../assets/fonts/OpenSans_SemiCondensed-SemiBold.ttf"; sourceTree = "<group>"; fileEncoding = undefined; lastKnownFileType = unknown; explicitFileType = undefined; includeInIndex = 0; };
		4E0E6A080B674B4FB18E0DAB /* OpenSans_SemiCondensed-SemiBoldItalic.ttf */ = {isa = PBXFileReference; name = "OpenSans_SemiCondensed-SemiBoldItalic.ttf"; path = "../assets/fonts/OpenSans_SemiCondensed-SemiBoldItalic.ttf"; sourceTree = "<group>"; fileEncoding = undefined; lastKnownFileType = unknown; explicitFileType = undefined; includeInIndex = 0; };
		52D93CCD9D72466EBF9AE6C9 /* Quicksand-Bold.ttf */ = {isa = PBXFileReference; name = "Quicksand-Bold.ttf"; path = "../assets/fonts/Quicksand-Bold.ttf"; sourceTree = "<group>"; fileEncoding = undefined; lastKnownFileType = unknown; explicitFileType = undefined; includeInIndex = 0; };
		A93B7D87B1654AA2821CF4AB /* Quicksand-Light.ttf */ = {isa = PBXFileReference; name = "Quicksand-Light.ttf"; path = "../assets/fonts/Quicksand-Light.ttf"; sourceTree = "<group>"; fileEncoding = undefined; lastKnownFileType = unknown; explicitFileType = undefined; includeInIndex = 0; };
		E51E384634B5467EA93EDAEA /* Quicksand-Medium.ttf */ = {isa = PBXFileReference; name = "Quicksand-Medium.ttf"; path = "../assets/fonts/Quicksand-Medium.ttf"; sourceTree = "<group>"; fileEncoding = undefined; lastKnownFileType = unknown; explicitFileType = undefined; includeInIndex = 0; };
		24F65DC2BA9E42CD89AFB898 /* Quicksand-Regular.ttf */ = {isa = PBXFileReference; name = "Quicksand-Regular.ttf"; path = "../assets/fonts/Quicksand-Regular.ttf"; sourceTree = "<group>"; fileEncoding = undefined; lastKnownFileType = unknown; explicitFileType = undefined; includeInIndex = 0; };
		E507DFBAFC0446CABCDAA2F7 /* Quicksand-SemiBold.ttf */ = {isa = PBXFileReference; name = "Quicksand-SemiBold.ttf"; path = "../assets/fonts/Quicksand-SemiBold.ttf"; sourceTree = "<group>"; fileEncoding = undefined; lastKnownFileType = unknown; explicitFileType = undefined; includeInIndex = 0; };
		B072BC22CE4C4081B6AA9715 /* Raleway-Black.ttf */ = {isa = PBXFileReference; name = "Raleway-Black.ttf"; path = "../assets/fonts/Raleway-Black.ttf"; sourceTree = "<group>"; fileEncoding = undefined; lastKnownFileType = unknown; explicitFileType = undefined; includeInIndex = 0; };
		7DEC16A076CC420FAF12A5C3 /* Raleway-BlackItalic.ttf */ = {isa = PBXFileReference; name = "Raleway-BlackItalic.ttf"; path = "../assets/fonts/Raleway-BlackItalic.ttf"; sourceTree = "<group>"; fileEncoding = undefined; lastKnownFileType = unknown; explicitFileType = undefined; includeInIndex = 0; };
		7D3CCA6D9CDA47A69C4AA9C6 /* Raleway-Bold.ttf */ = {isa = PBXFileReference; name = "Raleway-Bold.ttf"; path = "../assets/fonts/Raleway-Bold.ttf"; sourceTree = "<group>"; fileEncoding = undefined; lastKnownFileType = unknown; explicitFileType = undefined; includeInIndex = 0; };
		E208D7F55A974B90976673DB /* Raleway-BoldItalic.ttf */ = {isa = PBXFileReference; name = "Raleway-BoldItalic.ttf"; path = "../assets/fonts/Raleway-BoldItalic.ttf"; sourceTree = "<group>"; fileEncoding = undefined; lastKnownFileType = unknown; explicitFileType = undefined; includeInIndex = 0; };
		3E906872521540B39AE2C371 /* Raleway-ExtraBold.ttf */ = {isa = PBXFileReference; name = "Raleway-ExtraBold.ttf"; path = "../assets/fonts/Raleway-ExtraBold.ttf"; sourceTree = "<group>"; fileEncoding = undefined; lastKnownFileType = unknown; explicitFileType = undefined; includeInIndex = 0; };
		9485DF1AD87B462A87F2E780 /* Raleway-ExtraBoldItalic.ttf */ = {isa = PBXFileReference; name = "Raleway-ExtraBoldItalic.ttf"; path = "../assets/fonts/Raleway-ExtraBoldItalic.ttf"; sourceTree = "<group>"; fileEncoding = undefined; lastKnownFileType = unknown; explicitFileType = undefined; includeInIndex = 0; };
		70EC546120434EA8A8203967 /* Raleway-ExtraLight.ttf */ = {isa = PBXFileReference; name = "Raleway-ExtraLight.ttf"; path = "../assets/fonts/Raleway-ExtraLight.ttf"; sourceTree = "<group>"; fileEncoding = undefined; lastKnownFileType = unknown; explicitFileType = undefined; includeInIndex = 0; };
		D946417CBA3D4064AE382FFB /* Raleway-ExtraLightItalic.ttf */ = {isa = PBXFileReference; name = "Raleway-ExtraLightItalic.ttf"; path = "../assets/fonts/Raleway-ExtraLightItalic.ttf"; sourceTree = "<group>"; fileEncoding = undefined; lastKnownFileType = unknown; explicitFileType = undefined; includeInIndex = 0; };
		D93D0C9FE4AC4C789A425482 /* Raleway-Italic.ttf */ = {isa = PBXFileReference; name = "Raleway-Italic.ttf"; path = "../assets/fonts/Raleway-Italic.ttf"; sourceTree = "<group>"; fileEncoding = undefined; lastKnownFileType = unknown; explicitFileType = undefined; includeInIndex = 0; };
		46A9D501A8B747AAB7B85374 /* Raleway-Light.ttf */ = {isa = PBXFileReference; name = "Raleway-Light.ttf"; path = "../assets/fonts/Raleway-Light.ttf"; sourceTree = "<group>"; fileEncoding = undefined; lastKnownFileType = unknown; explicitFileType = undefined; includeInIndex = 0; };
		A08956D602B34D868BD6D3DF /* Raleway-LightItalic.ttf */ = {isa = PBXFileReference; name = "Raleway-LightItalic.ttf"; path = "../assets/fonts/Raleway-LightItalic.ttf"; sourceTree = "<group>"; fileEncoding = undefined; lastKnownFileType = unknown; explicitFileType = undefined; includeInIndex = 0; };
		82F44FE0B6A446DBA8932096 /* Raleway-Medium.ttf */ = {isa = PBXFileReference; name = "Raleway-Medium.ttf"; path = "../assets/fonts/Raleway-Medium.ttf"; sourceTree = "<group>"; fileEncoding = undefined; lastKnownFileType = unknown; explicitFileType = undefined; includeInIndex = 0; };
		D8A54BD006E5432DBBA16858 /* Raleway-MediumItalic.ttf */ = {isa = PBXFileReference; name = "Raleway-MediumItalic.ttf"; path = "../assets/fonts/Raleway-MediumItalic.ttf"; sourceTree = "<group>"; fileEncoding = undefined; lastKnownFileType = unknown; explicitFileType = undefined; includeInIndex = 0; };
		5268F9F8FFDD4AA59F1E3A62 /* Raleway-Regular.ttf */ = {isa = PBXFileReference; name = "Raleway-Regular.ttf"; path = "../assets/fonts/Raleway-Regular.ttf"; sourceTree = "<group>"; fileEncoding = undefined; lastKnownFileType = unknown; explicitFileType = undefined; includeInIndex = 0; };
		9E142A0903A9400B90012B8C /* Raleway-SemiBold.ttf */ = {isa = PBXFileReference; name = "Raleway-SemiBold.ttf"; path = "../assets/fonts/Raleway-SemiBold.ttf"; sourceTree = "<group>"; fileEncoding = undefined; lastKnownFileType = unknown; explicitFileType = undefined; includeInIndex = 0; };
		DAEF396B353E4E06B99B5B62 /* Raleway-SemiBoldItalic.ttf */ = {isa = PBXFileReference; name = "Raleway-SemiBoldItalic.ttf"; path = "../assets/fonts/Raleway-SemiBoldItalic.ttf"; sourceTree = "<group>"; fileEncoding = undefined; lastKnownFileType = unknown; explicitFileType = undefined; includeInIndex = 0; };
		DC03932266C548F7A1FF080A /* Raleway-Thin.ttf */ = {isa = PBXFileReference; name = "Raleway-Thin.ttf"; path = "../assets/fonts/Raleway-Thin.ttf"; sourceTree = "<group>"; fileEncoding = undefined; lastKnownFileType = unknown; explicitFileType = undefined; includeInIndex = 0; };
		BCB805D7F76A4EF78C6F256C /* Raleway-ThinItalic.ttf */ = {isa = PBXFileReference; name = "Raleway-ThinItalic.ttf"; path = "../assets/fonts/Raleway-ThinItalic.ttf"; sourceTree = "<group>"; fileEncoding = undefined; lastKnownFileType = unknown; explicitFileType = undefined; includeInIndex = 0; };
		D299BFE50F864688BC1152A2 /* UbuntuSansMono-Bold.ttf */ = {isa = PBXFileReference; name = "UbuntuSansMono-Bold.ttf"; path = "../assets/fonts/UbuntuSansMono-Bold.ttf"; sourceTree = "<group>"; fileEncoding = undefined; lastKnownFileType = unknown; explicitFileType = undefined; includeInIndex = 0; };
		536D7A6857A04095BACE0C9D /* UbuntuSansMono-BoldItalic.ttf */ = {isa = PBXFileReference; name = "UbuntuSansMono-BoldItalic.ttf"; path = "../assets/fonts/UbuntuSansMono-BoldItalic.ttf"; sourceTree = "<group>"; fileEncoding = undefined; lastKnownFileType = unknown; explicitFileType = undefined; includeInIndex = 0; };
		96019276D7E74819872FF976 /* UbuntuSansMono-Italic.ttf */ = {isa = PBXFileReference; name = "UbuntuSansMono-Italic.ttf"; path = "../assets/fonts/UbuntuSansMono-Italic.ttf"; sourceTree = "<group>"; fileEncoding = undefined; lastKnownFileType = unknown; explicitFileType = undefined; includeInIndex = 0; };
		31CF1F63EC6D4E188627F0FC /* UbuntuSansMono-Medium.ttf */ = {isa = PBXFileReference; name = "UbuntuSansMono-Medium.ttf"; path = "../assets/fonts/UbuntuSansMono-Medium.ttf"; sourceTree = "<group>"; fileEncoding = undefined; lastKnownFileType = unknown; explicitFileType = undefined; includeInIndex = 0; };
		5D24EA4A017B412C8CB51EE9 /* UbuntuSansMono-MediumItalic.ttf */ = {isa = PBXFileReference; name = "UbuntuSansMono-MediumItalic.ttf"; path = "../assets/fonts/UbuntuSansMono-MediumItalic.ttf"; sourceTree = "<group>"; fileEncoding = undefined; lastKnownFileType = unknown; explicitFileType = undefined; includeInIndex = 0; };
		9313C4D2CDE14EC8ABD742E6 /* UbuntuSansMono-Regular.ttf */ = {isa = PBXFileReference; name = "UbuntuSansMono-Regular.ttf"; path = "../assets/fonts/UbuntuSansMono-Regular.ttf"; sourceTree = "<group>"; fileEncoding = undefined; lastKnownFileType = unknown; explicitFileType = undefined; includeInIndex = 0; };
		C52CF24CD64A4DAA8A5C6228 /* UbuntuSansMono-SemiBold.ttf */ = {isa = PBXFileReference; name = "UbuntuSansMono-SemiBold.ttf"; path = "../assets/fonts/UbuntuSansMono-SemiBold.ttf"; sourceTree = "<group>"; fileEncoding = undefined; lastKnownFileType = unknown; explicitFileType = undefined; includeInIndex = 0; };
		1378C6B680184FC2A0A6BE88 /* UbuntuSansMono-SemiBoldItalic.ttf */ = {isa = PBXFileReference; name = "UbuntuSansMono-SemiBoldItalic.ttf"; path = "../assets/fonts/UbuntuSansMono-SemiBoldItalic.ttf"; sourceTree = "<group>"; fileEncoding = undefined; lastKnownFileType = unknown; explicitFileType = undefined; includeInIndex = 0; };
/* End PBXFileReference section */

/* Begin PBXFrameworksBuildPhase section */
		00E356EB1AD99517003FC87E /* Frameworks */ = {
			isa = PBXFrameworksBuildPhase;
			buildActionMask = 2147483647;
			files = (
				7699B88040F8A987B510C191 /* libPods-GoSocialMobile-GoSocialMobileTests.a in Frameworks */,
			);
			runOnlyForDeploymentPostprocessing = 0;
		};
		13B07F8C1A680F5B00A75B9A /* Frameworks */ = {
			isa = PBXFrameworksBuildPhase;
			buildActionMask = 2147483647;
			files = (
				0C80B921A6F3F58F76C31292 /* libPods-GoSocialMobile.a in Frameworks */,
			);
			runOnlyForDeploymentPostprocessing = 0;
		};
/* End PBXFrameworksBuildPhase section */

/* Begin PBXGroup section */
		00E356EF1AD99517003FC87E /* GoSocialMobileTests */ = {
			isa = PBXGroup;
			children = (
				00E356F21AD99517003FC87E /* GoSocialMobileTests.m */,
				00E356F01AD99517003FC87E /* Supporting Files */,
			);
			path = GoSocialMobileTests;
			sourceTree = "<group>";
		};
		00E356F01AD99517003FC87E /* Supporting Files */ = {
			isa = PBXGroup;
			children = (
				00E356F11AD99517003FC87E /* Info.plist */,
			);
			name = "Supporting Files";
			sourceTree = "<group>";
		};
		13B07FAE1A68108700A75B9A /* GoSocialMobile */ = {
			isa = PBXGroup;
			children = (
				13B07FAF1A68108700A75B9A /* AppDelegate.h */,
				13B07FB01A68108700A75B9A /* AppDelegate.mm */,
				13B07FB51A68108700A75B9A /* Images.xcassets */,
				13B07FB61A68108700A75B9A /* Info.plist */,
				81AB9BB72411601600AC10FF /* LaunchScreen.storyboard */,
				13B07FB71A68108700A75B9A /* main.m */,
				13B07FB81A68108700A75B9A /* PrivacyInfo.xcprivacy */,
			);
			name = GoSocialMobile;
			sourceTree = "<group>";
		};
		2D16E6871FA4F8E400B85C8A /* Frameworks */ = {
			isa = PBXGroup;
			children = (
				ED297162215061F000B7C4FE /* JavaScriptCore.framework */,
				5DCACB8F33CDC322A6C60F78 /* libPods-GoSocialMobile.a */,
				19F6CBCC0A4E27FBF8BF4A61 /* libPods-GoSocialMobile-GoSocialMobileTests.a */,
			);
			name = Frameworks;
			sourceTree = "<group>";
		};
		832341AE1AAA6A7D00B99B32 /* Libraries */ = {
			isa = PBXGroup;
			children = (
			);
			name = Libraries;
			sourceTree = "<group>";
		};
		83CBB9F61A601CBA00E9B192 = {
			isa = PBXGroup;
			children = (
				13B07FAE1A68108700A75B9A /* GoSocialMobile */,
				832341AE1AAA6A7D00B99B32 /* Libraries */,
				00E356EF1AD99517003FC87E /* GoSocialMobileTests */,
				83CBBA001A601CBA00E9B192 /* Products */,
				2D16E6871FA4F8E400B85C8A /* Frameworks */,
				BBD78D7AC51CEA395F1C20DB /* Pods */,
				D0B51D2A187A4B30A121B9B8 /* Resources */,
			);
			indentWidth = 2;
			sourceTree = "<group>";
			tabWidth = 2;
			usesTabs = 0;
		};
		83CBBA001A601CBA00E9B192 /* Products */ = {
			isa = PBXGroup;
			children = (
				13B07F961A680F5B00A75B9A /* GoSocialMobile.app */,
				00E356EE1AD99517003FC87E /* GoSocialMobileTests.xctest */,
			);
			name = Products;
			sourceTree = "<group>";
		};
		BBD78D7AC51CEA395F1C20DB /* Pods */ = {
			isa = PBXGroup;
			children = (
				3B4392A12AC88292D35C810B /* Pods-GoSocialMobile.debug.xcconfig */,
				5709B34CF0A7D63546082F79 /* Pods-GoSocialMobile.release.xcconfig */,
				5B7EB9410499542E8C5724F5 /* Pods-GoSocialMobile-GoSocialMobileTests.debug.xcconfig */,
				89C6BE57DB24E9ADA2F236DE /* Pods-GoSocialMobile-GoSocialMobileTests.release.xcconfig */,
			);
			path = Pods;
			sourceTree = "<group>";
		};
		D0B51D2A187A4B30A121B9B8 /* Resources */ = {
			isa = "PBXGroup";
			children = (
				13FD898E5E574BC69EFC5F55 /* OpenSans-Bold.ttf */,
				B5B6D927416847D095E79FF3 /* OpenSans-BoldItalic.ttf */,
				745D8FBD9C3D4DEEAC6C1352 /* OpenSans-ExtraBold.ttf */,
				C65C47372796458B9616E626 /* OpenSans-ExtraBoldItalic.ttf */,
				E7C44E3BC20D435B8B721F3D /* OpenSans-Italic.ttf */,
				4403BA3F24A348DCA55885FB /* OpenSans-Light.ttf */,
				F0FE7177CD874A748CB42BBB /* OpenSans-LightItalic.ttf */,
				95EFAD72019F4312B79E99BA /* OpenSans-Medium.ttf */,
				0CE3767E13CD4CBEA6DB1281 /* OpenSans-MediumItalic.ttf */,
				FC8845BF6CD846D991ACA2E7 /* OpenSans-Regular.ttf */,
				50E7E9EB5ADD45FA8A4C0997 /* OpenSans-SemiBold.ttf */,
				ECD6AB67FD684056AD598ABB /* OpenSans-SemiBoldItalic.ttf */,
				76BE39F451AC431F8AAC6AF0 /* OpenSans_Condensed-Bold.ttf */,
				3EE45C1926384E069BB11D2B /* OpenSans_Condensed-BoldItalic.ttf */,
				28F6AC9F01C341B1BEB59471 /* OpenSans_Condensed-ExtraBold.ttf */,
				99EE8BD6E0B0417B8FB8604E /* OpenSans_Condensed-ExtraBoldItalic.ttf */,
				4B408E47C913489BA8DE3620 /* OpenSans_Condensed-Italic.ttf */,
				436F2DBC056B49DFBE366ECA /* OpenSans_Condensed-Light.ttf */,
				9C2397A47813462AAA7A213E /* OpenSans_Condensed-LightItalic.ttf */,
				FC18F1DB8E9B4BDFB93A3C7D /* OpenSans_Condensed-Medium.ttf */,
				80C21BFEE93844C9B36D40B1 /* OpenSans_Condensed-MediumItalic.ttf */,
				4B034E08DB00499F80D10AEA /* OpenSans_Condensed-Regular.ttf */,
				19445C5B94274027B154FF0A /* OpenSans_Condensed-SemiBold.ttf */,
				22F198D0492D4FFCA1265157 /* OpenSans_Condensed-SemiBoldItalic.ttf */,
				579A0658D5E24B419A4D45FB /* OpenSans_SemiCondensed-Bold.ttf */,
				19D210E30E204DAFA184DE92 /* OpenSans_SemiCondensed-BoldItalic.ttf */,
				47EDF2E7B28C4D39A33456F3 /* OpenSans_SemiCondensed-ExtraBold.ttf */,
				158D41699DB94DCDB9A93B14 /* OpenSans_SemiCondensed-ExtraBoldItalic.ttf */,
				EE65401034094D72A79AED11 /* OpenSans_SemiCondensed-Italic.ttf */,
				CF944F68DF674AE49A6508B3 /* OpenSans_SemiCondensed-Light.ttf */,
				2FC04E4804324FD6A9D29ECB /* OpenSans_SemiCondensed-LightItalic.ttf */,
				3803A2370622428EB7218F2C /* OpenSans_SemiCondensed-Medium.ttf */,
				F063CBCEDE994118AC03B21A /* OpenSans_SemiCondensed-MediumItalic.ttf */,
				6502BF13415D4C4180FCD023 /* OpenSans_SemiCondensed-Regular.ttf */,
				CF5C9E53A90749D1A3C0C27B /* OpenSans_SemiCondensed-SemiBold.ttf */,
				4E0E6A080B674B4FB18E0DAB /* OpenSans_SemiCondensed-SemiBoldItalic.ttf */,
				52D93CCD9D72466EBF9AE6C9 /* Quicksand-Bold.ttf */,
				A93B7D87B1654AA2821CF4AB /* Quicksand-Light.ttf */,
				E51E384634B5467EA93EDAEA /* Quicksand-Medium.ttf */,
				24F65DC2BA9E42CD89AFB898 /* Quicksand-Regular.ttf */,
				E507DFBAFC0446CABCDAA2F7 /* Quicksand-SemiBold.ttf */,
				B072BC22CE4C4081B6AA9715 /* Raleway-Black.ttf */,
				7DEC16A076CC420FAF12A5C3 /* Raleway-BlackItalic.ttf */,
				7D3CCA6D9CDA47A69C4AA9C6 /* Raleway-Bold.ttf */,
				E208D7F55A974B90976673DB /* Raleway-BoldItalic.ttf */,
				3E906872521540B39AE2C371 /* Raleway-ExtraBold.ttf */,
				9485DF1AD87B462A87F2E780 /* Raleway-ExtraBoldItalic.ttf */,
				70EC546120434EA8A8203967 /* Raleway-ExtraLight.ttf */,
				D946417CBA3D4064AE382FFB /* Raleway-ExtraLightItalic.ttf */,
				D93D0C9FE4AC4C789A425482 /* Raleway-Italic.ttf */,
				46A9D501A8B747AAB7B85374 /* Raleway-Light.ttf */,
				A08956D602B34D868BD6D3DF /* Raleway-LightItalic.ttf */,
				82F44FE0B6A446DBA8932096 /* Raleway-Medium.ttf */,
				D8A54BD006E5432DBBA16858 /* Raleway-MediumItalic.ttf */,
				5268F9F8FFDD4AA59F1E3A62 /* Raleway-Regular.ttf */,
				9E142A0903A9400B90012B8C /* Raleway-SemiBold.ttf */,
				DAEF396B353E4E06B99B5B62 /* Raleway-SemiBoldItalic.ttf */,
				DC03932266C548F7A1FF080A /* Raleway-Thin.ttf */,
				BCB805D7F76A4EF78C6F256C /* Raleway-ThinItalic.ttf */,
				D299BFE50F864688BC1152A2 /* UbuntuSansMono-Bold.ttf */,
				536D7A6857A04095BACE0C9D /* UbuntuSansMono-BoldItalic.ttf */,
				96019276D7E74819872FF976 /* UbuntuSansMono-Italic.ttf */,
				31CF1F63EC6D4E188627F0FC /* UbuntuSansMono-Medium.ttf */,
				5D24EA4A017B412C8CB51EE9 /* UbuntuSansMono-MediumItalic.ttf */,
				9313C4D2CDE14EC8ABD742E6 /* UbuntuSansMono-Regular.ttf */,
				C52CF24CD64A4DAA8A5C6228 /* UbuntuSansMono-SemiBold.ttf */,
				1378C6B680184FC2A0A6BE88 /* UbuntuSansMono-SemiBoldItalic.ttf */,
			);
			name = Resources;
			sourceTree = "<group>";
			path = "";
		};
/* End PBXGroup section */

/* Begin PBXNativeTarget section */
		00E356ED1AD99517003FC87E /* GoSocialMobileTests */ = {
			isa = PBXNativeTarget;
			buildConfigurationList = 00E357021AD99517003FC87E /* Build configuration list for PBXNativeTarget "GoSocialMobileTests" */;
			buildPhases = (
				A55EABD7B0C7F3A422A6CC61 /* [CP] Check Pods Manifest.lock */,
				00E356EA1AD99517003FC87E /* Sources */,
				00E356EB1AD99517003FC87E /* Frameworks */,
				00E356EC1AD99517003FC87E /* Resources */,
				C59DA0FBD6956966B86A3779 /* [CP] Embed Pods Frameworks */,
				F6A41C54EA430FDDC6A6ED99 /* [CP] Copy Pods Resources */,
			);
			buildRules = (
			);
			dependencies = (
				00E356F51AD99517003FC87E /* PBXTargetDependency */,
			);
			name = GoSocialMobileTests;
			productName = GoSocialMobileTests;
			productReference = 00E356EE1AD99517003FC87E /* GoSocialMobileTests.xctest */;
			productType = "com.apple.product-type.bundle.unit-test";
		};
		13B07F861A680F5B00A75B9A /* GoSocialMobile */ = {
			isa = PBXNativeTarget;
			buildConfigurationList = 13B07F931A680F5B00A75B9A /* Build configuration list for PBXNativeTarget "GoSocialMobile" */;
			buildPhases = (
				C38B50BA6285516D6DCD4F65 /* [CP] Check Pods Manifest.lock */,
				13B07F871A680F5B00A75B9A /* Sources */,
				13B07F8C1A680F5B00A75B9A /* Frameworks */,
				13B07F8E1A680F5B00A75B9A /* Resources */,
				00DD1BFF1BD5951E006B06BC /* Bundle React Native code and images */,
				00EEFC60759A1932668264C0 /* [CP] Embed Pods Frameworks */,
				E235C05ADACE081382539298 /* [CP] Copy Pods Resources */,
			);
			buildRules = (
			);
			dependencies = (
			);
			name = GoSocialMobile;
			productName = GoSocialMobile;
			productReference = 13B07F961A680F5B00A75B9A /* GoSocialMobile.app */;
			productType = "com.apple.product-type.application";
		};
/* End PBXNativeTarget section */

/* Begin PBXProject section */
		83CBB9F71A601CBA00E9B192 /* Project object */ = {
			isa = PBXProject;
			attributes = {
				LastUpgradeCheck = 1210;
				TargetAttributes = {
					00E356ED1AD99517003FC87E = {
						CreatedOnToolsVersion = 6.2;
						TestTargetID = 13B07F861A680F5B00A75B9A;
					};
					13B07F861A680F5B00A75B9A = {
						LastSwiftMigration = 1120;
					};
				};
			};
			buildConfigurationList = 83CBB9FA1A601CBA00E9B192 /* Build configuration list for PBXProject "GoSocialMobile" */;
			compatibilityVersion = "Xcode 12.0";
			developmentRegion = en;
			hasScannedForEncodings = 0;
			knownRegions = (
				en,
				Base,
			);
			mainGroup = 83CBB9F61A601CBA00E9B192;
			productRefGroup = 83CBBA001A601CBA00E9B192 /* Products */;
			projectDirPath = "";
			projectRoot = "";
			targets = (
				13B07F861A680F5B00A75B9A /* GoSocialMobile */,
				00E356ED1AD99517003FC87E /* GoSocialMobileTests */,
			);
		};
/* End PBXProject section */

/* Begin PBXResourcesBuildPhase section */
		00E356EC1AD99517003FC87E /* Resources */ = {
			isa = PBXResourcesBuildPhase;
			buildActionMask = 2147483647;
			files = (
			);
			runOnlyForDeploymentPostprocessing = 0;
		};
		13B07F8E1A680F5B00A75B9A /* Resources */ = {
			isa = PBXResourcesBuildPhase;
			buildActionMask = 2147483647;
			files = (
				81AB9BB82411601600AC10FF /* LaunchScreen.storyboard in Resources */,
				13B07FBF1A68108700A75B9A /* Images.xcassets in Resources */,
				809EC5BF95C34A91A0A57D13 /* OpenSans-Bold.ttf in Resources */,
				D27EC7C1912A49DD86A67DDA /* OpenSans-BoldItalic.ttf in Resources */,
				799BCF7E21F3422086B5FACA /* OpenSans-ExtraBold.ttf in Resources */,
				8B050199F43F491EB56759B9 /* OpenSans-ExtraBoldItalic.ttf in Resources */,
				FE2BB8467BA64C3CAA12F808 /* OpenSans-Italic.ttf in Resources */,
				7D82433558A24E1385CC0D00 /* OpenSans-Light.ttf in Resources */,
				2E65276A5F214527ABA0FD25 /* OpenSans-LightItalic.ttf in Resources */,
				F337A72EB1DC4098A0D0D17C /* OpenSans-Medium.ttf in Resources */,
				B460D43C1E6242C588944751 /* OpenSans-MediumItalic.ttf in Resources */,
				B5BB11E8F7FF435B85277F7E /* OpenSans-Regular.ttf in Resources */,
				A764C77B8A0145239378AC43 /* OpenSans-SemiBold.ttf in Resources */,
				FF89512A10294CC885B28540 /* OpenSans-SemiBoldItalic.ttf in Resources */,
				F2A162F42882472A98F1BCDC /* OpenSans_Condensed-Bold.ttf in Resources */,
				3428673382A8412CAE5479D6 /* OpenSans_Condensed-BoldItalic.ttf in Resources */,
				46063BB2F0FD4C3B8E5B1F2F /* OpenSans_Condensed-ExtraBold.ttf in Resources */,
				D3BC50378756497EA4128CC2 /* OpenSans_Condensed-ExtraBoldItalic.ttf in Resources */,
				31FCE4312B5D46318E2FF8F5 /* OpenSans_Condensed-Italic.ttf in Resources */,
				0F821F98DA544DC8BC8DA38D /* OpenSans_Condensed-Light.ttf in Resources */,
				B3CF72075F534094AA40FD68 /* OpenSans_Condensed-LightItalic.ttf in Resources */,
				D37DEB214B574C3B8F19BEE8 /* OpenSans_Condensed-Medium.ttf in Resources */,
				C7B9D0C48E4F450FB0D4F3FF /* OpenSans_Condensed-MediumItalic.ttf in Resources */,
				810F2E96DFC44A02BA4BB7B4 /* OpenSans_Condensed-Regular.ttf in Resources */,
				6AAFCD1265AB4678AD3986D1 /* OpenSans_Condensed-SemiBold.ttf in Resources */,
				E0C60819232541E5ADE54CDC /* OpenSans_Condensed-SemiBoldItalic.ttf in Resources */,
				8D707A8894E14672A56606B5 /* OpenSans_SemiCondensed-Bold.ttf in Resources */,
				5C1A47791B1A46D8AD530172 /* OpenSans_SemiCondensed-BoldItalic.ttf in Resources */,
				FA05D6CFAC3C4A08BD17B78B /* OpenSans_SemiCondensed-ExtraBold.ttf in Resources */,
				892CD57DFFA3426B8B301841 /* OpenSans_SemiCondensed-ExtraBoldItalic.ttf in Resources */,
				D12C5B0B80DA454494253979 /* OpenSans_SemiCondensed-Italic.ttf in Resources */,
				A8E856A2D0DD4C61971A2C75 /* OpenSans_SemiCondensed-Light.ttf in Resources */,
				5C2BD22127514588BDBF2699 /* OpenSans_SemiCondensed-LightItalic.ttf in Resources */,
				06B68C7F7FB34F12B793201F /* OpenSans_SemiCondensed-Medium.ttf in Resources */,
				F5ED3D8F7262458ABA61BD3D /* OpenSans_SemiCondensed-MediumItalic.ttf in Resources */,
				B454014802494DF7BF55125A /* OpenSans_SemiCondensed-Regular.ttf in Resources */,
				C522E9CC5D18413F9564F198 /* OpenSans_SemiCondensed-SemiBold.ttf in Resources */,
				18F223ADE9F34FC5B9FC5F05 /* OpenSans_SemiCondensed-SemiBoldItalic.ttf in Resources */,
				CE8EDB4A27214A2680A6933F /* Quicksand-Bold.ttf in Resources */,
				913EB6579EED4A0E90A0A231 /* Quicksand-Light.ttf in Resources */,
				B0101F479C244ADCBA2E5BFF /* Quicksand-Medium.ttf in Resources */,
				B493FFACE68248219FD585AA /* Quicksand-Regular.ttf in Resources */,
				D101D0C804214FE5AC4CDC3A /* Quicksand-SemiBold.ttf in Resources */,
				36DFAA1E53AB4F6C85A6491B /* Raleway-Black.ttf in Resources */,
				0B5DB2011D9A49A2B4B08ED4 /* Raleway-BlackItalic.ttf in Resources */,
				81036424ACB64671861244A9 /* Raleway-Bold.ttf in Resources */,
				1F9D75E7D7804EA6A1120D67 /* Raleway-BoldItalic.ttf in Resources */,
				F7C8DF8FC11D485E8EFFE05B /* Raleway-ExtraBold.ttf in Resources */,
				53DC0C11C92841AB8CD5D4B8 /* Raleway-ExtraBoldItalic.ttf in Resources */,
				D90F4C7D51F3419CB921256C /* Raleway-ExtraLight.ttf in Resources */,
				35C0157EA43A456997AEA842 /* Raleway-ExtraLightItalic.ttf in Resources */,
				0DFD272733BE443C81AA7D6A /* Raleway-Italic.ttf in Resources */,
				9587CC1AE09841D4BFC51D69 /* Raleway-Light.ttf in Resources */,
				E243B2E2A08A4708BB1AFB24 /* Raleway-LightItalic.ttf in Resources */,
				1ECB03E907044406982ABC10 /* Raleway-Medium.ttf in Resources */,
				9C831F7576134EB2B003E616 /* Raleway-MediumItalic.ttf in Resources */,
				1403605D9A374B25BBC67624 /* Raleway-Regular.ttf in Resources */,
				46B1DBCB2143449A93BF1CF9 /* Raleway-SemiBold.ttf in Resources */,
				7A0FD9D3E50A4A908E7B233D /* Raleway-SemiBoldItalic.ttf in Resources */,
				EAA58950210C4A4585236F3B /* Raleway-Thin.ttf in Resources */,
				D7C29680B857422E9F11FFA5 /* Raleway-ThinItalic.ttf in Resources */,
				1AB44C43B43F4376B2BBF855 /* UbuntuSansMono-Bold.ttf in Resources */,
				B96F936BACFF41C69B9DAD13 /* UbuntuSansMono-BoldItalic.ttf in Resources */,
				0554ABE75C48441DBFCB9A83 /* UbuntuSansMono-Italic.ttf in Resources */,
				08F3E44E89C94379B82F715F /* UbuntuSansMono-Medium.ttf in Resources */,
				D832151BD45D418B8506BAD8 /* UbuntuSansMono-MediumItalic.ttf in Resources */,
				D07325D7BB594CCEA8CA175D /* UbuntuSansMono-Regular.ttf in Resources */,
				0F27D05253CE4B68B7DBC4E2 /* UbuntuSansMono-SemiBold.ttf in Resources */,
				807DF060FDE84345AFBAF404 /* UbuntuSansMono-SemiBoldItalic.ttf in Resources */,
			);
			runOnlyForDeploymentPostprocessing = 0;
		};
/* End PBXResourcesBuildPhase section */

/* Begin PBXShellScriptBuildPhase section */
		00DD1BFF1BD5951E006B06BC /* Bundle React Native code and images */ = {
			isa = PBXShellScriptBuildPhase;
			buildActionMask = 2147483647;
			files = (
			);
			inputPaths = (
				"$(SRCROOT)/.xcode.env.local",
				"$(SRCROOT)/.xcode.env",
			);
			name = "Bundle React Native code and images";
			outputPaths = (
			);
			runOnlyForDeploymentPostprocessing = 0;
			shellPath = /bin/sh;
			shellScript = "set -e\n\nWITH_ENVIRONMENT=\"$REACT_NATIVE_PATH/scripts/xcode/with-environment.sh\"\nREACT_NATIVE_XCODE=\"$REACT_NATIVE_PATH/scripts/react-native-xcode.sh\"\n\n/bin/sh -c \"$WITH_ENVIRONMENT $REACT_NATIVE_XCODE\"\n";
		};
		00EEFC60759A1932668264C0 /* [CP] Embed Pods Frameworks */ = {
			isa = PBXShellScriptBuildPhase;
			buildActionMask = 2147483647;
			files = (
			);
			inputFileListPaths = (
				"${PODS_ROOT}/Target Support Files/Pods-GoSocialMobile/Pods-GoSocialMobile-frameworks-${CONFIGURATION}-input-files.xcfilelist",
			);
			name = "[CP] Embed Pods Frameworks";
			outputFileListPaths = (
				"${PODS_ROOT}/Target Support Files/Pods-GoSocialMobile/Pods-GoSocialMobile-frameworks-${CONFIGURATION}-output-files.xcfilelist",
			);
			runOnlyForDeploymentPostprocessing = 0;
			shellPath = /bin/sh;
			shellScript = "\"${PODS_ROOT}/Target Support Files/Pods-GoSocialMobile/Pods-GoSocialMobile-frameworks.sh\"\n";
			showEnvVarsInLog = 0;
		};
		A55EABD7B0C7F3A422A6CC61 /* [CP] Check Pods Manifest.lock */ = {
			isa = PBXShellScriptBuildPhase;
			buildActionMask = 2147483647;
			files = (
			);
			inputFileListPaths = (
			);
			inputPaths = (
				"${PODS_PODFILE_DIR_PATH}/Podfile.lock",
				"${PODS_ROOT}/Manifest.lock",
			);
			name = "[CP] Check Pods Manifest.lock";
			outputFileListPaths = (
			);
			outputPaths = (
				"$(DERIVED_FILE_DIR)/Pods-GoSocialMobile-GoSocialMobileTests-checkManifestLockResult.txt",
			);
			runOnlyForDeploymentPostprocessing = 0;
			shellPath = /bin/sh;
			shellScript = "diff \"${PODS_PODFILE_DIR_PATH}/Podfile.lock\" \"${PODS_ROOT}/Manifest.lock\" > /dev/null\nif [ $? != 0 ] ; then\n    # print error to STDERR\n    echo \"error: The sandbox is not in sync with the Podfile.lock. Run 'pod install' or update your CocoaPods installation.\" >&2\n    exit 1\nfi\n# This output is used by Xcode 'outputs' to avoid re-running this script phase.\necho \"SUCCESS\" > \"${SCRIPT_OUTPUT_FILE_0}\"\n";
			showEnvVarsInLog = 0;
		};
		C38B50BA6285516D6DCD4F65 /* [CP] Check Pods Manifest.lock */ = {
			isa = PBXShellScriptBuildPhase;
			buildActionMask = 2147483647;
			files = (
			);
			inputFileListPaths = (
			);
			inputPaths = (
				"${PODS_PODFILE_DIR_PATH}/Podfile.lock",
				"${PODS_ROOT}/Manifest.lock",
			);
			name = "[CP] Check Pods Manifest.lock";
			outputFileListPaths = (
			);
			outputPaths = (
				"$(DERIVED_FILE_DIR)/Pods-GoSocialMobile-checkManifestLockResult.txt",
			);
			runOnlyForDeploymentPostprocessing = 0;
			shellPath = /bin/sh;
			shellScript = "diff \"${PODS_PODFILE_DIR_PATH}/Podfile.lock\" \"${PODS_ROOT}/Manifest.lock\" > /dev/null\nif [ $? != 0 ] ; then\n    # print error to STDERR\n    echo \"error: The sandbox is not in sync with the Podfile.lock. Run 'pod install' or update your CocoaPods installation.\" >&2\n    exit 1\nfi\n# This output is used by Xcode 'outputs' to avoid re-running this script phase.\necho \"SUCCESS\" > \"${SCRIPT_OUTPUT_FILE_0}\"\n";
			showEnvVarsInLog = 0;
		};
		C59DA0FBD6956966B86A3779 /* [CP] Embed Pods Frameworks */ = {
			isa = PBXShellScriptBuildPhase;
			buildActionMask = 2147483647;
			files = (
			);
			inputFileListPaths = (
				"${PODS_ROOT}/Target Support Files/Pods-GoSocialMobile-GoSocialMobileTests/Pods-GoSocialMobile-GoSocialMobileTests-frameworks-${CONFIGURATION}-input-files.xcfilelist",
			);
			name = "[CP] Embed Pods Frameworks";
			outputFileListPaths = (
				"${PODS_ROOT}/Target Support Files/Pods-GoSocialMobile-GoSocialMobileTests/Pods-GoSocialMobile-GoSocialMobileTests-frameworks-${CONFIGURATION}-output-files.xcfilelist",
			);
			runOnlyForDeploymentPostprocessing = 0;
			shellPath = /bin/sh;
			shellScript = "\"${PODS_ROOT}/Target Support Files/Pods-GoSocialMobile-GoSocialMobileTests/Pods-GoSocialMobile-GoSocialMobileTests-frameworks.sh\"\n";
			showEnvVarsInLog = 0;
		};
		E235C05ADACE081382539298 /* [CP] Copy Pods Resources */ = {
			isa = PBXShellScriptBuildPhase;
			buildActionMask = 2147483647;
			files = (
			);
			inputFileListPaths = (
				"${PODS_ROOT}/Target Support Files/Pods-GoSocialMobile/Pods-GoSocialMobile-resources-${CONFIGURATION}-input-files.xcfilelist",
			);
			name = "[CP] Copy Pods Resources";
			outputFileListPaths = (
				"${PODS_ROOT}/Target Support Files/Pods-GoSocialMobile/Pods-GoSocialMobile-resources-${CONFIGURATION}-output-files.xcfilelist",
			);
			runOnlyForDeploymentPostprocessing = 0;
			shellPath = /bin/sh;
			shellScript = "\"${PODS_ROOT}/Target Support Files/Pods-GoSocialMobile/Pods-GoSocialMobile-resources.sh\"\n";
			showEnvVarsInLog = 0;
		};
		F6A41C54EA430FDDC6A6ED99 /* [CP] Copy Pods Resources */ = {
			isa = PBXShellScriptBuildPhase;
			buildActionMask = 2147483647;
			files = (
			);
			inputFileListPaths = (
				"${PODS_ROOT}/Target Support Files/Pods-GoSocialMobile-GoSocialMobileTests/Pods-GoSocialMobile-GoSocialMobileTests-resources-${CONFIGURATION}-input-files.xcfilelist",
			);
			name = "[CP] Copy Pods Resources";
			outputFileListPaths = (
				"${PODS_ROOT}/Target Support Files/Pods-GoSocialMobile-GoSocialMobileTests/Pods-GoSocialMobile-GoSocialMobileTests-resources-${CONFIGURATION}-output-files.xcfilelist",
			);
			runOnlyForDeploymentPostprocessing = 0;
			shellPath = /bin/sh;
			shellScript = "\"${PODS_ROOT}/Target Support Files/Pods-GoSocialMobile-GoSocialMobileTests/Pods-GoSocialMobile-GoSocialMobileTests-resources.sh\"\n";
			showEnvVarsInLog = 0;
		};
/* End PBXShellScriptBuildPhase section */

/* Begin PBXSourcesBuildPhase section */
		00E356EA1AD99517003FC87E /* Sources */ = {
			isa = PBXSourcesBuildPhase;
			buildActionMask = 2147483647;
			files = (
				00E356F31AD99517003FC87E /* GoSocialMobileTests.m in Sources */,
			);
			runOnlyForDeploymentPostprocessing = 0;
		};
		13B07F871A680F5B00A75B9A /* Sources */ = {
			isa = PBXSourcesBuildPhase;
			buildActionMask = 2147483647;
			files = (
				13B07FBC1A68108700A75B9A /* AppDelegate.mm in Sources */,
				13B07FC11A68108700A75B9A /* main.m in Sources */,
			);
			runOnlyForDeploymentPostprocessing = 0;
		};
/* End PBXSourcesBuildPhase section */

/* Begin PBXTargetDependency section */
		00E356F51AD99517003FC87E /* PBXTargetDependency */ = {
			isa = PBXTargetDependency;
			target = 13B07F861A680F5B00A75B9A /* GoSocialMobile */;
			targetProxy = 00E356F41AD99517003FC87E /* PBXContainerItemProxy */;
		};
/* End PBXTargetDependency section */

/* Begin XCBuildConfiguration section */
		00E356F61AD99517003FC87E /* Debug */ = {
			isa = XCBuildConfiguration;
			baseConfigurationReference = 5B7EB9410499542E8C5724F5 /* Pods-GoSocialMobile-GoSocialMobileTests.debug.xcconfig */;
			buildSettings = {
				BUNDLE_LOADER = "$(TEST_HOST)";
				GCC_PREPROCESSOR_DEFINITIONS = (
					"DEBUG=1",
					"$(inherited)",
				);
				INFOPLIST_FILE = GoSocialMobileTests/Info.plist;
				IPHONEOS_DEPLOYMENT_TARGET = 15.1;
				LD_RUNPATH_SEARCH_PATHS = (
					"$(inherited)",
					"@executable_path/Frameworks",
					"@loader_path/Frameworks",
				);
				OTHER_LDFLAGS = (
					"-ObjC",
					"-lc++",
					"$(inherited)",
				);
				PRODUCT_BUNDLE_IDENTIFIER = "org.reactjs.native.example.$(PRODUCT_NAME:rfc1034identifier)";
				PRODUCT_NAME = "$(TARGET_NAME)";
				TEST_HOST = "$(BUILT_PRODUCTS_DIR)/GoSocialMobile.app/GoSocialMobile";
			};
			name = Debug;
		};
		00E356F71AD99517003FC87E /* Release */ = {
			isa = XCBuildConfiguration;
			baseConfigurationReference = 89C6BE57DB24E9ADA2F236DE /* Pods-GoSocialMobile-GoSocialMobileTests.release.xcconfig */;
			buildSettings = {
				BUNDLE_LOADER = "$(TEST_HOST)";
				COPY_PHASE_STRIP = NO;
				INFOPLIST_FILE = GoSocialMobileTests/Info.plist;
				IPHONEOS_DEPLOYMENT_TARGET = 15.1;
				LD_RUNPATH_SEARCH_PATHS = (
					"$(inherited)",
					"@executable_path/Frameworks",
					"@loader_path/Frameworks",
				);
				OTHER_LDFLAGS = (
					"-ObjC",
					"-lc++",
					"$(inherited)",
				);
				PRODUCT_BUNDLE_IDENTIFIER = "org.reactjs.native.example.$(PRODUCT_NAME:rfc1034identifier)";
				PRODUCT_NAME = "$(TARGET_NAME)";
				TEST_HOST = "$(BUILT_PRODUCTS_DIR)/GoSocialMobile.app/GoSocialMobile";
			};
			name = Release;
		};
		13B07F941A680F5B00A75B9A /* Debug */ = {
			isa = XCBuildConfiguration;
			baseConfigurationReference = 3B4392A12AC88292D35C810B /* Pods-GoSocialMobile.debug.xcconfig */;
			buildSettings = {
				ASSETCATALOG_COMPILER_APPICON_NAME = AppIcon;
				CLANG_ENABLE_MODULES = YES;
				CURRENT_PROJECT_VERSION = 1;
				ENABLE_BITCODE = NO;
				INFOPLIST_FILE = GoSocialMobile/Info.plist;
				IPHONEOS_DEPLOYMENT_TARGET = 15.1;
				LD_RUNPATH_SEARCH_PATHS = (
					"$(inherited)",
					"@executable_path/Frameworks",
				);
				MARKETING_VERSION = 1.0;
				OTHER_LDFLAGS = (
					"$(inherited)",
					"-ObjC",
					"-lc++",
				);
				PRODUCT_BUNDLE_IDENTIFIER = "org.reactjs.native.example.$(PRODUCT_NAME:rfc1034identifier)";
				PRODUCT_NAME = GoSocialMobile;
				SWIFT_OPTIMIZATION_LEVEL = "-Onone";
				SWIFT_VERSION = 5.0;
				VERSIONING_SYSTEM = "apple-generic";
			};
			name = Debug;
		};
		13B07F951A680F5B00A75B9A /* Release */ = {
			isa = XCBuildConfiguration;
			baseConfigurationReference = 5709B34CF0A7D63546082F79 /* Pods-GoSocialMobile.release.xcconfig */;
			buildSettings = {
				ASSETCATALOG_COMPILER_APPICON_NAME = AppIcon;
				CLANG_ENABLE_MODULES = YES;
				CURRENT_PROJECT_VERSION = 1;
				INFOPLIST_FILE = GoSocialMobile/Info.plist;
				IPHONEOS_DEPLOYMENT_TARGET = 15.1;
				LD_RUNPATH_SEARCH_PATHS = (
					"$(inherited)",
					"@executable_path/Frameworks",
				);
				MARKETING_VERSION = 1.0;
				OTHER_LDFLAGS = (
					"$(inherited)",
					"-ObjC",
					"-lc++",
				);
				PRODUCT_BUNDLE_IDENTIFIER = "org.reactjs.native.example.$(PRODUCT_NAME:rfc1034identifier)";
				PRODUCT_NAME = GoSocialMobile;
				SWIFT_VERSION = 5.0;
				VERSIONING_SYSTEM = "apple-generic";
			};
			name = Release;
		};
		83CBBA201A601CBA00E9B192 /* Debug */ = {
			isa = XCBuildConfiguration;
			buildSettings = {
				ALWAYS_SEARCH_USER_PATHS = NO;
				CLANG_ANALYZER_LOCALIZABILITY_NONLOCALIZED = YES;
				CLANG_CXX_LANGUAGE_STANDARD = "c++20";
				CLANG_CXX_LIBRARY = "libc++";
				CLANG_ENABLE_MODULES = YES;
				CLANG_ENABLE_OBJC_ARC = YES;
				CLANG_WARN_BLOCK_CAPTURE_AUTORELEASING = YES;
				CLANG_WARN_BOOL_CONVERSION = YES;
				CLANG_WARN_COMMA = YES;
				CLANG_WARN_CONSTANT_CONVERSION = YES;
				CLANG_WARN_DEPRECATED_OBJC_IMPLEMENTATIONS = YES;
				CLANG_WARN_DIRECT_OBJC_ISA_USAGE = YES_ERROR;
				CLANG_WARN_EMPTY_BODY = YES;
				CLANG_WARN_ENUM_CONVERSION = YES;
				CLANG_WARN_INFINITE_RECURSION = YES;
				CLANG_WARN_INT_CONVERSION = YES;
				CLANG_WARN_NON_LITERAL_NULL_CONVERSION = YES;
				CLANG_WARN_OBJC_IMPLICIT_RETAIN_SELF = YES;
				CLANG_WARN_OBJC_LITERAL_CONVERSION = YES;
				CLANG_WARN_OBJC_ROOT_CLASS = YES_ERROR;
				CLANG_WARN_QUOTED_INCLUDE_IN_FRAMEWORK_HEADER = YES;
				CLANG_WARN_RANGE_LOOP_ANALYSIS = YES;
				CLANG_WARN_STRICT_PROTOTYPES = YES;
				CLANG_WARN_SUSPICIOUS_MOVE = YES;
				CLANG_WARN_UNREACHABLE_CODE = YES;
				CLANG_WARN__DUPLICATE_METHOD_MATCH = YES;
				"CODE_SIGN_IDENTITY[sdk=iphoneos*]" = "iPhone Developer";
				COPY_PHASE_STRIP = NO;
				ENABLE_STRICT_OBJC_MSGSEND = YES;
				ENABLE_TESTABILITY = YES;
				"EXCLUDED_ARCHS[sdk=iphonesimulator*]" = "";
				GCC_C_LANGUAGE_STANDARD = gnu99;
				GCC_DYNAMIC_NO_PIC = NO;
				GCC_NO_COMMON_BLOCKS = YES;
				GCC_OPTIMIZATION_LEVEL = 0;
				GCC_PREPROCESSOR_DEFINITIONS = (
					"DEBUG=1",
					"$(inherited)",
				);
				GCC_SYMBOLS_PRIVATE_EXTERN = NO;
				GCC_WARN_64_TO_32_BIT_CONVERSION = YES;
				GCC_WARN_ABOUT_RETURN_TYPE = YES_ERROR;
				GCC_WARN_UNDECLARED_SELECTOR = YES;
				GCC_WARN_UNINITIALIZED_AUTOS = YES_AGGRESSIVE;
				GCC_WARN_UNUSED_FUNCTION = YES;
				GCC_WARN_UNUSED_VARIABLE = YES;
				IPHONEOS_DEPLOYMENT_TARGET = 15.1;
				LD_RUNPATH_SEARCH_PATHS = (
					/usr/lib/swift,
					"$(inherited)",
				);
				LIBRARY_SEARCH_PATHS = (
					"\"$(SDKROOT)/usr/lib/swift\"",
					"\"$(TOOLCHAIN_DIR)/usr/lib/swift/$(PLATFORM_NAME)\"",
					"\"$(inherited)\"",
				);
				MTL_ENABLE_DEBUG_INFO = YES;
				ONLY_ACTIVE_ARCH = YES;
				OTHER_CPLUSPLUSFLAGS = (
					"$(OTHER_CFLAGS)",
					"-DFOLLY_NO_CONFIG",
					"-DFOLLY_MOBILE=1",
					"-DFOLLY_USE_LIBCPP=1",
					"-DFOLLY_CFG_NO_COROUTINES=1",
					"-DFOLLY_HAVE_CLOCK_GETTIME=1",
				);
				SDKROOT = iphoneos;
			};
			name = Debug;
		};
		83CBBA211A601CBA00E9B192 /* Release */ = {
			isa = XCBuildConfiguration;
			buildSettings = {
				ALWAYS_SEARCH_USER_PATHS = NO;
				CLANG_ANALYZER_LOCALIZABILITY_NONLOCALIZED = YES;
				CLANG_CXX_LANGUAGE_STANDARD = "c++20";
				CLANG_CXX_LIBRARY = "libc++";
				CLANG_ENABLE_MODULES = YES;
				CLANG_ENABLE_OBJC_ARC = YES;
				CLANG_WARN_BLOCK_CAPTURE_AUTORELEASING = YES;
				CLANG_WARN_BOOL_CONVERSION = YES;
				CLANG_WARN_COMMA = YES;
				CLANG_WARN_CONSTANT_CONVERSION = YES;
				CLANG_WARN_DEPRECATED_OBJC_IMPLEMENTATIONS = YES;
				CLANG_WARN_DIRECT_OBJC_ISA_USAGE = YES_ERROR;
				CLANG_WARN_EMPTY_BODY = YES;
				CLANG_WARN_ENUM_CONVERSION = YES;
				CLANG_WARN_INFINITE_RECURSION = YES;
				CLANG_WARN_INT_CONVERSION = YES;
				CLANG_WARN_NON_LITERAL_NULL_CONVERSION = YES;
				CLANG_WARN_OBJC_IMPLICIT_RETAIN_SELF = YES;
				CLANG_WARN_OBJC_LITERAL_CONVERSION = YES;
				CLANG_WARN_OBJC_ROOT_CLASS = YES_ERROR;
				CLANG_WARN_QUOTED_INCLUDE_IN_FRAMEWORK_HEADER = YES;
				CLANG_WARN_RANGE_LOOP_ANALYSIS = YES;
				CLANG_WARN_STRICT_PROTOTYPES = YES;
				CLANG_WARN_SUSPICIOUS_MOVE = YES;
				CLANG_WARN_UNREACHABLE_CODE = YES;
				CLANG_WARN__DUPLICATE_METHOD_MATCH = YES;
				"CODE_SIGN_IDENTITY[sdk=iphoneos*]" = "iPhone Developer";
				COPY_PHASE_STRIP = YES;
				ENABLE_NS_ASSERTIONS = NO;
				ENABLE_STRICT_OBJC_MSGSEND = YES;
				"EXCLUDED_ARCHS[sdk=iphonesimulator*]" = "";
				GCC_C_LANGUAGE_STANDARD = gnu99;
				GCC_NO_COMMON_BLOCKS = YES;
				GCC_WARN_64_TO_32_BIT_CONVERSION = YES;
				GCC_WARN_ABOUT_RETURN_TYPE = YES_ERROR;
				GCC_WARN_UNDECLARED_SELECTOR = YES;
				GCC_WARN_UNINITIALIZED_AUTOS = YES_AGGRESSIVE;
				GCC_WARN_UNUSED_FUNCTION = YES;
				GCC_WARN_UNUSED_VARIABLE = YES;
				IPHONEOS_DEPLOYMENT_TARGET = 15.1;
				LD_RUNPATH_SEARCH_PATHS = (
					/usr/lib/swift,
					"$(inherited)",
				);
				LIBRARY_SEARCH_PATHS = (
					"\"$(SDKROOT)/usr/lib/swift\"",
					"\"$(TOOLCHAIN_DIR)/usr/lib/swift/$(PLATFORM_NAME)\"",
					"\"$(inherited)\"",
				);
				MTL_ENABLE_DEBUG_INFO = NO;
				OTHER_CPLUSPLUSFLAGS = (
					"$(OTHER_CFLAGS)",
					"-DFOLLY_NO_CONFIG",
					"-DFOLLY_MOBILE=1",
					"-DFOLLY_USE_LIBCPP=1",
					"-DFOLLY_CFG_NO_COROUTINES=1",
					"-DFOLLY_HAVE_CLOCK_GETTIME=1",
				);
				SDKROOT = iphoneos;
				VALIDATE_PRODUCT = YES;
			};
			name = Release;
		};
/* End XCBuildConfiguration section */

/* Begin XCConfigurationList section */
		00E357021AD99517003FC87E /* Build configuration list for PBXNativeTarget "GoSocialMobileTests" */ = {
			isa = XCConfigurationList;
			buildConfigurations = (
				00E356F61AD99517003FC87E /* Debug */,
				00E356F71AD99517003FC87E /* Release */,
			);
			defaultConfigurationIsVisible = 0;
			defaultConfigurationName = Release;
		};
		13B07F931A680F5B00A75B9A /* Build configuration list for PBXNativeTarget "GoSocialMobile" */ = {
			isa = XCConfigurationList;
			buildConfigurations = (
				13B07F941A680F5B00A75B9A /* Debug */,
				13B07F951A680F5B00A75B9A /* Release */,
			);
			defaultConfigurationIsVisible = 0;
			defaultConfigurationName = Release;
		};
		83CBB9FA1A601CBA00E9B192 /* Build configuration list for PBXProject "GoSocialMobile" */ = {
			isa = XCConfigurationList;
			buildConfigurations = (
				83CBBA201A601CBA00E9B192 /* Debug */,
				83CBBA211A601CBA00E9B192 /* Release */,
			);
			defaultConfigurationIsVisible = 0;
			defaultConfigurationName = Release;
		};
/* End XCConfigurationList section */
	};
	rootObject = 83CBB9F71A601CBA00E9B192 /* Project object */;
}
